
Microsoft Visual Studio Solution File, Format Version 12.00
# Visual Studio 15
VisualStudioVersion = 15.0.27130.2026
MinimumVisualStudioVersion = 10.0.40219.1
Project("{FAE04EC0-301F-11D3-BF4B-00C04F79EFBC}") = "OTP.Cryptographer.Window", "OTP.Cryptographer.Window\OTP.Cryptographer.Window.csproj", "{9DFD47F3-14B3-4064-A75C-78F922346102}"
EndProject
Project("{2150E333-8FDC-42A3-9474-1A3956D46DE8}") = "Comparer", "Comparer", "{2F03A9A6-005C-4E1C-BC8D-F6F1AE83F439}"
EndProject
Project("{FAE04EC0-301F-11D3-BF4B-00C04F79EFBC}") = "OTP.Comparer", "OTP.Comparer\OTP.Comparer.csproj", "{66E2C6B6-3957-41A1-ACB9-BEA4C235581C}"
EndProject
Project("{FAE04EC0-301F-11D3-BF4B-00C04F79EFBC}") = "OTP.Cryptographer.Model", "OTP.Cryptographer.Model\OTP.Cryptographer.Model.csproj", "{78791920-5BB0-4085-825A-F0AE0C76CFDA}"
EndProject
Project("{2150E333-8FDC-42A3-9474-1A3956D46DE8}") = "Cryptographer", "Cryptographer", "{CD9559F5-43F2-4509-A575-FFF53447B50A}"
EndProject
Project("{FAE04EC0-301F-11D3-BF4B-00C04F79EFBC}") = "OTP.Comparer.Window", "OTP.Comparer.Window\OTP.Comparer.Window.csproj", "{302669DB-644B-492D-B719-94FF67BAC39B}"
EndProject
Global
	GlobalSection(SolutionConfigurationPlatforms) = preSolution
		Debug|Any CPU = Debug|Any CPU
		Release|Any CPU = Release|Any CPU
	EndGlobalSection
	GlobalSection(ProjectConfigurationPlatforms) = postSolution
		{9DFD47F3-14B3-4064-A75C-78F922346102}.Debug|Any CPU.ActiveCfg = Debug|Any CPU
		{9DFD47F3-14B3-4064-A75C-78F922346102}.Debug|Any CPU.Build.0 = Debug|Any CPU
		{9DFD47F3-14B3-4064-A75C-78F922346102}.Release|Any CPU.ActiveCfg = Release|Any CPU
		{9DFD47F3-14B3-4064-A75C-78F922346102}.Release|Any CPU.Build.0 = Release|Any CPU
		{66E2C6B6-3957-41A1-ACB9-BEA4C235581C}.Debug|Any CPU.ActiveCfg = Debug|Any CPU
		{66E2C6B6-3957-41A1-ACB9-BEA4C235581C}.Debug|Any CPU.Build.0 = Debug|Any CPU
		{66E2C6B6-3957-41A1-ACB9-BEA4C235581C}.Release|Any CPU.ActiveCfg = Release|Any CPU
		{66E2C6B6-3957-41A1-ACB9-BEA4C235581C}.Release|Any CPU.Build.0 = Release|Any CPU
		{78791920-5BB0-4085-825A-F0AE0C76CFDA}.Debug|Any CPU.ActiveCfg = Debug|Any CPU
		{78791920-5BB0-4085-825A-F0AE0C76CFDA}.Debug|Any CPU.Build.0 = Debug|Any CPU
		{78791920-5BB0-4085-825A-F0AE0C76CFDA}.Release|Any CPU.ActiveCfg = Release|Any CPU
		{78791920-5BB0-4085-825A-F0AE0C76CFDA}.Release|Any CPU.Build.0 = Release|Any CPU
		{302669DB-644B-492D-B719-94FF67BAC39B}.Debug|Any CPU.ActiveCfg = Debug|Any CPU
		{302669DB-644B-492D-B719-94FF67BAC39B}.Debug|Any CPU.Build.0 = Debug|Any CPU
		{302669DB-644B-492D-B719-94FF67BAC39B}.Release|Any CPU.ActiveCfg = Release|Any CPU
		{302669DB-644B-492D-B719-94FF67BAC39B}.Release|Any CPU.Build.0 = Release|Any CPU
	EndGlobalSection
	GlobalSection(SolutionProperties) = preSolution
		HideSolutionNode = FALSE
	EndGlobalSection
	GlobalSection(NestedProjects) = preSolution
		{9DFD47F3-14B3-4064-A75C-78F922346102} = {CD9559F5-43F2-4509-A575-FFF53447B50A}
		{66E2C6B6-3957-41A1-ACB9-BEA4C235581C} = {2F03A9A6-005C-4E1C-BC8D-F6F1AE83F439}
		{78791920-5BB0-4085-825A-F0AE0C76CFDA} = {CD9559F5-43F2-4509-A575-FFF53447B50A}
		{302669DB-644B-492D-B719-94FF67BAC39B} = {2F03A9A6-005C-4E1C-BC8D-F6F1AE83F439}
	EndGlobalSection
	GlobalSection(ExtensibilityGlobals) = postSolution
		SolutionGuid = {42CD6AC0-8F21-43D6-9E5E-B82DAB0CAF7D}
	EndGlobalSection
EndGlobal
